
Microsoft Visual Studio Solution File, Format Version 12.00
# Visual Studio Version 17
VisualStudioVersion = 17.8.34525.116
MinimumVisualStudioVersion = 10.0.40219.1
Project("{FAE04EC0-301F-11D3-BF4B-00C04F79EFBC}") = "mathMagic", "mathMagic.csproj", "{89FCCC6A-9F65-4A0E-99E7-361BFF3C93B4}"
EndProject
Global
	GlobalSection(SolutionConfigurationPlatforms) = preSolution
		Debug|Any CPU = Debug|Any CPU
		Release|Any CPU = Release|Any CPU
	EndGlobalSection
	GlobalSection(ProjectConfigurationPlatforms) = postSolution
		{89FCCC6A-9F65-4A0E-99E7-361BFF3C93B4}.Debug|Any CPU.ActiveCfg = Debug|Any CPU
		{89FCCC6A-9F65-4A0E-99E7-361BFF3C93B4}.Debug|Any CPU.Build.0 = Debug|Any CPU
		{89FCCC6A-9F65-4A0E-99E7-361BFF3C93B4}.Release|Any CPU.ActiveCfg = Release|Any CPU
		{89FCCC6A-9F65-4A0E-99E7-361BFF3C93B4}.Release|Any CPU.Build.0 = Release|Any CPU
	EndGlobalSection
	GlobalSection(SolutionProperties) = preSolution
		HideSolutionNode = FALSE
	EndGlobalSection
	GlobalSection(ExtensibilityGlobals) = postSolution
		SolutionGuid = {6CFB53F7-24E1-4AC9-8E5F-14D09FA72B8C}
	EndGlobalSection
EndGlobal
